
Microsoft Visual Studio Solution File, Format Version 12.00
# Visual Studio 15
VisualStudioVersion = 15.0.28307.438
MinimumVisualStudioVersion = 10.0.40219.1
Project("{FAE04EC0-301F-11D3-BF4B-00C04F79EFBC}") = "CarClass", "CarClass\CarClass.csproj", "{FFAEDBBE-56BF-429E-92CB-71CFE2137748}"
EndProject
Global
	GlobalSection(SolutionConfigurationPlatforms) = preSolution
		Debug|Any CPU = Debug|Any CPU
		Release|Any CPU = Release|Any CPU
	EndGlobalSection
	GlobalSection(ProjectConfigurationPlatforms) = postSolution
		{FFAEDBBE-56BF-429E-92CB-71CFE2137748}.Debug|Any CPU.ActiveCfg = Debug|Any CPU
		{FFAEDBBE-56BF-429E-92CB-71CFE2137748}.Debug|Any CPU.Build.0 = Debug|Any CPU
		{FFAEDBBE-56BF-429E-92CB-71CFE2137748}.Release|Any CPU.ActiveCfg = Release|Any CPU
		{FFAEDBBE-56BF-429E-92CB-71CFE2137748}.Release|Any CPU.Build.0 = Release|Any CPU
	EndGlobalSection
	GlobalSection(SolutionProperties) = preSolution
		HideSolutionNode = FALSE
	EndGlobalSection
	GlobalSection(ExtensibilityGlobals) = postSolution
		SolutionGuid = {C730000D-CB73-48AB-95D2-8EAA1A897A65}
	EndGlobalSection
EndGlobal
